
Microsoft Visual Studio Solution File, Format Version 12.00
# Visual Studio Version 17
VisualStudioVersion = 17.9.34622.214
MinimumVisualStudioVersion = 10.0.40219.1
Project("{FAE04EC0-301F-11D3-BF4B-00C04F79EFBC}") = "lab6", "lab6\lab6.csproj", "{1803B39D-12B9-46E8-A7FD-3A452CF9CD65}"
EndProject
Global
	GlobalSection(SolutionConfigurationPlatforms) = preSolution
		Debug|Any CPU = Debug|Any CPU
		Release|Any CPU = Release|Any CPU
	EndGlobalSection
	GlobalSection(ProjectConfigurationPlatforms) = postSolution
		{1803B39D-12B9-46E8-A7FD-3A452CF9CD65}.Debug|Any CPU.ActiveCfg = Debug|Any CPU
		{1803B39D-12B9-46E8-A7FD-3A452CF9CD65}.Debug|Any CPU.Build.0 = Debug|Any CPU
		{1803B39D-12B9-46E8-A7FD-3A452CF9CD65}.Release|Any CPU.ActiveCfg = Release|Any CPU
		{1803B39D-12B9-46E8-A7FD-3A452CF9CD65}.Release|Any CPU.Build.0 = Release|Any CPU
	EndGlobalSection
	GlobalSection(SolutionProperties) = preSolution
		HideSolutionNode = FALSE
	EndGlobalSection
	GlobalSection(ExtensibilityGlobals) = postSolution
		SolutionGuid = {A5AFC782-4A05-4603-8D34-834CA9BF3B92}
	EndGlobalSection
EndGlobal
